
Microsoft Visual Studio Solution File, Format Version 12.00
# Visual Studio Version 17
VisualStudioVersion = 17.1.32414.318
MinimumVisualStudioVersion = 10.0.40219.1
Project("{9A19103F-16F7-4668-BE54-9A1E7A4F7556}") = "Lezione1.Demo", "Lezione1.Demo\Lezione1.Demo.csproj", "{95BF8F69-BCF5-4D91-BB6B-A01C6C9B3C21}"
EndProject
Project("{9A19103F-16F7-4668-BE54-9A1E7A4F7556}") = "Lezione1.Esercitazione1", "Esercitazione1\Lezione1.Esercitazione1.csproj", "{FDE3EE43-481D-4204-9659-9BD572EB7F2D}"
EndProject
Project("{FAE04EC0-301F-11D3-BF4B-00C04F79EFBC}") = "Lezione1.ScritturaFile", "Lezione1.ScritturaFile\Lezione1.ScritturaFile.csproj", "{C59B4E31-EAFB-45B3-8752-AE1BA39E9475}"
EndProject
Global
	GlobalSection(SolutionConfigurationPlatforms) = preSolution
		Debug|Any CPU = Debug|Any CPU
		Release|Any CPU = Release|Any CPU
	EndGlobalSection
	GlobalSection(ProjectConfigurationPlatforms) = postSolution
		{95BF8F69-BCF5-4D91-BB6B-A01C6C9B3C21}.Debug|Any CPU.ActiveCfg = Debug|Any CPU
		{95BF8F69-BCF5-4D91-BB6B-A01C6C9B3C21}.Debug|Any CPU.Build.0 = Debug|Any CPU
		{95BF8F69-BCF5-4D91-BB6B-A01C6C9B3C21}.Release|Any CPU.ActiveCfg = Release|Any CPU
		{95BF8F69-BCF5-4D91-BB6B-A01C6C9B3C21}.Release|Any CPU.Build.0 = Release|Any CPU
		{FDE3EE43-481D-4204-9659-9BD572EB7F2D}.Debug|Any CPU.ActiveCfg = Debug|Any CPU
		{FDE3EE43-481D-4204-9659-9BD572EB7F2D}.Debug|Any CPU.Build.0 = Debug|Any CPU
		{FDE3EE43-481D-4204-9659-9BD572EB7F2D}.Release|Any CPU.ActiveCfg = Release|Any CPU
		{FDE3EE43-481D-4204-9659-9BD572EB7F2D}.Release|Any CPU.Build.0 = Release|Any CPU
		{C59B4E31-EAFB-45B3-8752-AE1BA39E9475}.Debug|Any CPU.ActiveCfg = Debug|Any CPU
		{C59B4E31-EAFB-45B3-8752-AE1BA39E9475}.Debug|Any CPU.Build.0 = Debug|Any CPU
		{C59B4E31-EAFB-45B3-8752-AE1BA39E9475}.Release|Any CPU.ActiveCfg = Release|Any CPU
		{C59B4E31-EAFB-45B3-8752-AE1BA39E9475}.Release|Any CPU.Build.0 = Release|Any CPU
	EndGlobalSection
	GlobalSection(SolutionProperties) = preSolution
		HideSolutionNode = FALSE
	EndGlobalSection
	GlobalSection(ExtensibilityGlobals) = postSolution
		SolutionGuid = {EA9289CD-7CEB-4CC0-B437-96A4227AD30C}
	EndGlobalSection
EndGlobal
